
Microsoft Visual Studio Solution File, Format Version 12.00
# Visual Studio Version 17
VisualStudioVersion = 17.3.32929.385
MinimumVisualStudioVersion = 10.0.40219.1
Project("{9A19103F-16F7-4668-BE54-9A1E7A4F7556}") = "game-management-server", "game-management-server\game-management-server.csproj", "{73AA3846-5E18-48A0-833C-4951BC638A96}"
EndProject
Project("{9A19103F-16F7-4668-BE54-9A1E7A4F7556}") = "ping-test-client", "ping-test-client\ping-test-client.csproj", "{84FD5F70-3B1F-438F-BD66-2BDBC4636264}"
EndProject
Project("{D954291E-2A0B-460D-934E-DC6B0785DB48}") = "network-objects", "network-objects\network-objects.shproj", "{3B977E12-1083-4B8D-9661-0925D22EF51E}"
EndProject
Project("{D954291E-2A0B-460D-934E-DC6B0785DB48}") = "messages", "messages\messages.shproj", "{8B40EF6F-3B1E-4070-8F88-ACBF5B2302AE}"
EndProject
Project("{FAE04EC0-301F-11D3-BF4B-00C04F79EFBC}") = "Assembly-CSharp", "spaceflight-simulator-client\Assembly-CSharp.csproj", "{B26F6BC1-A12B-D26D-264A-3E4654706E95}"
EndProject
Project("{FAE04EC0-301F-11D3-BF4B-00C04F79EFBC}") = "Assembly-CSharp-Editor", "spaceflight-simulator-client\Assembly-CSharp-Editor.csproj", "{30A4746F-FAB4-017C-16C3-67BA8498F5DD}"
EndProject
Global
	GlobalSection(SolutionConfigurationPlatforms) = preSolution
		Debug|Any CPU = Debug|Any CPU
		Release|Any CPU = Release|Any CPU
	EndGlobalSection
	GlobalSection(ProjectConfigurationPlatforms) = postSolution
		{73AA3846-5E18-48A0-833C-4951BC638A96}.Debug|Any CPU.ActiveCfg = Debug|Any CPU
		{73AA3846-5E18-48A0-833C-4951BC638A96}.Debug|Any CPU.Build.0 = Debug|Any CPU
		{73AA3846-5E18-48A0-833C-4951BC638A96}.Release|Any CPU.ActiveCfg = Release|Any CPU
		{73AA3846-5E18-48A0-833C-4951BC638A96}.Release|Any CPU.Build.0 = Release|Any CPU
		{84FD5F70-3B1F-438F-BD66-2BDBC4636264}.Debug|Any CPU.ActiveCfg = Debug|Any CPU
		{84FD5F70-3B1F-438F-BD66-2BDBC4636264}.Debug|Any CPU.Build.0 = Debug|Any CPU
		{84FD5F70-3B1F-438F-BD66-2BDBC4636264}.Release|Any CPU.ActiveCfg = Release|Any CPU
		{84FD5F70-3B1F-438F-BD66-2BDBC4636264}.Release|Any CPU.Build.0 = Release|Any CPU
		{B26F6BC1-A12B-D26D-264A-3E4654706E95}.Debug|Any CPU.ActiveCfg = Debug|Any CPU
		{B26F6BC1-A12B-D26D-264A-3E4654706E95}.Debug|Any CPU.Build.0 = Debug|Any CPU
		{B26F6BC1-A12B-D26D-264A-3E4654706E95}.Release|Any CPU.ActiveCfg = Release|Any CPU
		{B26F6BC1-A12B-D26D-264A-3E4654706E95}.Release|Any CPU.Build.0 = Release|Any CPU
		{30A4746F-FAB4-017C-16C3-67BA8498F5DD}.Debug|Any CPU.ActiveCfg = Debug|Any CPU
		{30A4746F-FAB4-017C-16C3-67BA8498F5DD}.Debug|Any CPU.Build.0 = Debug|Any CPU
		{30A4746F-FAB4-017C-16C3-67BA8498F5DD}.Release|Any CPU.ActiveCfg = Release|Any CPU
		{30A4746F-FAB4-017C-16C3-67BA8498F5DD}.Release|Any CPU.Build.0 = Release|Any CPU
	EndGlobalSection
	GlobalSection(SolutionProperties) = preSolution
		HideSolutionNode = FALSE
	EndGlobalSection
	GlobalSection(ExtensibilityGlobals) = postSolution
		SolutionGuid = {4BD1677F-3059-4379-B790-17ABBB72C048}
	EndGlobalSection
	GlobalSection(SharedMSBuildProjectFiles) = preSolution
		network-objects\network-objects.projitems*{3b977e12-1083-4b8d-9661-0925d22ef51e}*SharedItemsImports = 13
		messages\messages.projitems*{73aa3846-5e18-48a0-833c-4951bc638a96}*SharedItemsImports = 5
		network-objects\network-objects.projitems*{73aa3846-5e18-48a0-833c-4951bc638a96}*SharedItemsImports = 5
		messages\messages.projitems*{84fd5f70-3b1f-438f-bd66-2bdbc4636264}*SharedItemsImports = 5
		network-objects\network-objects.projitems*{84fd5f70-3b1f-438f-bd66-2bdbc4636264}*SharedItemsImports = 5
		messages\messages.projitems*{8b40ef6f-3b1e-4070-8f88-acbf5b2302ae}*SharedItemsImports = 13
	EndGlobalSection
EndGlobal
